
Microsoft Visual Studio Solution File, Format Version 12.00
# Visual Studio Version 17
VisualStudioVersion = 17.4.33403.182
MinimumVisualStudioVersion = 10.0.40219.1
Project("{FAE04EC0-301F-11D3-BF4B-00C04F79EFBC}") = "PetShopWebApp", "PetShopWebApp\PetShopWebApp.csproj", "{F502547D-EA01-445C-AF1F-A40FDDC31940}"
EndProject
Global
	GlobalSection(SolutionConfigurationPlatforms) = preSolution
		Debug|Any CPU = Debug|Any CPU
		Release|Any CPU = Release|Any CPU
	EndGlobalSection
	GlobalSection(ProjectConfigurationPlatforms) = postSolution
		{F502547D-EA01-445C-AF1F-A40FDDC31940}.Debug|Any CPU.ActiveCfg = Debug|Any CPU
		{F502547D-EA01-445C-AF1F-A40FDDC31940}.Debug|Any CPU.Build.0 = Debug|Any CPU
		{F502547D-EA01-445C-AF1F-A40FDDC31940}.Release|Any CPU.ActiveCfg = Release|Any CPU
		{F502547D-EA01-445C-AF1F-A40FDDC31940}.Release|Any CPU.Build.0 = Release|Any CPU
	EndGlobalSection
	GlobalSection(SolutionProperties) = preSolution
		HideSolutionNode = FALSE
	EndGlobalSection
	GlobalSection(ExtensibilityGlobals) = postSolution
		SolutionGuid = {8FF5F921-09E1-4F00-B07B-0447ED41B319}
	EndGlobalSection
EndGlobal
